
Microsoft Visual Studio Solution File, Format Version 12.00
# Visual Studio Version 17
VisualStudioVersion = 17.5.002.0
MinimumVisualStudioVersion = 10.0.40219.1
Project("{2150E333-8FDC-42A3-9474-1A3956D46DE8}") = "csharp-prep", "csharp-prep", "{382A78EB-A6EF-4E69-B8C2-D142597DF474}"
EndProject
Project("{9A19103F-16F7-4668-BE54-9A1E7A4F7556}") = "Prep1", "csharp-prep\Prep1\Prep1.csproj", "{9A8FC1C3-C34B-4302-9627-3F6C77809BF8}"
EndProject
Project("{9A19103F-16F7-4668-BE54-9A1E7A4F7556}") = "Prep2", "csharp-prep\Prep2\Prep2.csproj", "{4DB9B19A-F12B-4932-9BF8-C61A26CFA20D}"
EndProject
Project("{9A19103F-16F7-4668-BE54-9A1E7A4F7556}") = "Prep3", "csharp-prep\Prep3\Prep3.csproj", "{41E4622D-5B32-4EFD-AEB1-D132AE03E17E}"
EndProject
Project("{9A19103F-16F7-4668-BE54-9A1E7A4F7556}") = "Prep4", "csharp-prep\Prep4\Prep4.csproj", "{BBF17FEF-7A20-441B-8FAA-0B1742148439}"
EndProject
Project("{9A19103F-16F7-4668-BE54-9A1E7A4F7556}") = "Prep5", "csharp-prep\Prep5\Prep5.csproj", "{0502FB14-BF24-4CB0-8792-FC22D4EDFE78}"
EndProject
Project("{2150E333-8FDC-42A3-9474-1A3956D46DE8}") = "final", "final", "{057B40ED-B08D-427D-AB09-1BC39A7CE8C0}"
EndProject
Project("{9A19103F-16F7-4668-BE54-9A1E7A4F7556}") = "FinalProject", "final\FinalProject\FinalProject.csproj", "{D4A14E9A-E805-4220-9C05-50419E16B531}"
EndProject
Project("{9A19103F-16F7-4668-BE54-9A1E7A4F7556}") = "Foundation1", "final\Foundation1\Foundation1.csproj", "{1009885D-D9E5-4DAE-87EE-ED52D6E2C5C9}"
EndProject
Project("{9A19103F-16F7-4668-BE54-9A1E7A4F7556}") = "Foundation2", "final\Foundation2\Foundation2.csproj", "{55ADB32E-B94F-4FF2-8F42-153DD9B3EAD0}"
EndProject
Project("{9A19103F-16F7-4668-BE54-9A1E7A4F7556}") = "Foundation3", "final\Foundation3\Foundation3.csproj", "{2E759AB6-E00B-48F3-8A9D-75E497FEFD64}"
EndProject
Project("{9A19103F-16F7-4668-BE54-9A1E7A4F7556}") = "Foundation4", "final\Foundation4\Foundation4.csproj", "{FEA0EB3B-4313-41C2-955D-FCF7C00F4745}"
EndProject
Project("{2150E333-8FDC-42A3-9474-1A3956D46DE8}") = "prepare", "prepare", "{79DE9848-D645-490F-873B-54560BB09155}"
EndProject
Project("{9A19103F-16F7-4668-BE54-9A1E7A4F7556}") = "Learning02", "prepare\Learning02\Learning02.csproj", "{0A8AA5C5-2C4A-4906-A217-1A2E3C467C31}"
EndProject
Project("{9A19103F-16F7-4668-BE54-9A1E7A4F7556}") = "Learning03", "prepare\Learning03\Learning03.csproj", "{6C984A28-BFEB-487A-AC24-21018105863C}"
EndProject
Project("{9A19103F-16F7-4668-BE54-9A1E7A4F7556}") = "Learning04", "prepare\Learning04\Learning04.csproj", "{02D6E7A0-1E49-4701-B3DD-94A530ED61EF}"
EndProject
Project("{9A19103F-16F7-4668-BE54-9A1E7A4F7556}") = "Learning05", "prepare\Learning05\Learning05.csproj", "{03186EA7-EC6C-474C-AE79-B01E746D3426}"
EndProject
Project("{2150E333-8FDC-42A3-9474-1A3956D46DE8}") = "prove", "prove", "{924D2679-41FB-4528-B2D2-D207A9C0290F}"
EndProject
Project("{9A19103F-16F7-4668-BE54-9A1E7A4F7556}") = "Develop02", "prove\Develop02\Develop02.csproj", "{B987D949-65EF-416D-8B5B-E2A25ACBA703}"
EndProject
Project("{9A19103F-16F7-4668-BE54-9A1E7A4F7556}") = "Develop03", "prove\Develop03\Develop03.csproj", "{6EDEC1E5-A607-4BDB-8A57-B4C9FDDC0A89}"
EndProject
Project("{9A19103F-16F7-4668-BE54-9A1E7A4F7556}") = "Develop04", "prove\Develop04\Develop04.csproj", "{DE361F87-EE9A-471D-8FE1-630BE461FF65}"
EndProject
Project("{9A19103F-16F7-4668-BE54-9A1E7A4F7556}") = "Develop05", "prove\Develop05\Develop05.csproj", "{EF965E14-C2B7-4C5B-A18E-447F37D1F6F6}"
EndProject
Project("{2150E333-8FDC-42A3-9474-1A3956D46DE8}") = "sandbox", "sandbox", "{E42173D9-B7FE-4696-85BC-58EF63FB7B35}"
EndProject
Project("{9A19103F-16F7-4668-BE54-9A1E7A4F7556}") = "Sandbox", "sandbox\Sandbox\Sandbox.csproj", "{94F6C711-3974-411B-8819-D2218A03F115}"
EndProject
Global
	GlobalSection(SolutionConfigurationPlatforms) = preSolution
		Debug|Any CPU = Debug|Any CPU
		Release|Any CPU = Release|Any CPU
	EndGlobalSection
	GlobalSection(ProjectConfigurationPlatforms) = postSolution
		{9A8FC1C3-C34B-4302-9627-3F6C77809BF8}.Debug|Any CPU.ActiveCfg = Debug|Any CPU
		{9A8FC1C3-C34B-4302-9627-3F6C77809BF8}.Debug|Any CPU.Build.0 = Debug|Any CPU
		{9A8FC1C3-C34B-4302-9627-3F6C77809BF8}.Release|Any CPU.ActiveCfg = Release|Any CPU
		{9A8FC1C3-C34B-4302-9627-3F6C77809BF8}.Release|Any CPU.Build.0 = Release|Any CPU
		{4DB9B19A-F12B-4932-9BF8-C61A26CFA20D}.Debug|Any CPU.ActiveCfg = Debug|Any CPU
		{4DB9B19A-F12B-4932-9BF8-C61A26CFA20D}.Debug|Any CPU.Build.0 = Debug|Any CPU
		{4DB9B19A-F12B-4932-9BF8-C61A26CFA20D}.Release|Any CPU.ActiveCfg = Release|Any CPU
		{4DB9B19A-F12B-4932-9BF8-C61A26CFA20D}.Release|Any CPU.Build.0 = Release|Any CPU
		{41E4622D-5B32-4EFD-AEB1-D132AE03E17E}.Debug|Any CPU.ActiveCfg = Debug|Any CPU
		{41E4622D-5B32-4EFD-AEB1-D132AE03E17E}.Debug|Any CPU.Build.0 = Debug|Any CPU
		{41E4622D-5B32-4EFD-AEB1-D132AE03E17E}.Release|Any CPU.ActiveCfg = Release|Any CPU
		{41E4622D-5B32-4EFD-AEB1-D132AE03E17E}.Release|Any CPU.Build.0 = Release|Any CPU
		{BBF17FEF-7A20-441B-8FAA-0B1742148439}.Debug|Any CPU.ActiveCfg = Debug|Any CPU
		{BBF17FEF-7A20-441B-8FAA-0B1742148439}.Debug|Any CPU.Build.0 = Debug|Any CPU
		{BBF17FEF-7A20-441B-8FAA-0B1742148439}.Release|Any CPU.ActiveCfg = Release|Any CPU
		{BBF17FEF-7A20-441B-8FAA-0B1742148439}.Release|Any CPU.Build.0 = Release|Any CPU
		{0502FB14-BF24-4CB0-8792-FC22D4EDFE78}.Debug|Any CPU.ActiveCfg = Debug|Any CPU
		{0502FB14-BF24-4CB0-8792-FC22D4EDFE78}.Debug|Any CPU.Build.0 = Debug|Any CPU
		{0502FB14-BF24-4CB0-8792-FC22D4EDFE78}.Release|Any CPU.ActiveCfg = Release|Any CPU
		{0502FB14-BF24-4CB0-8792-FC22D4EDFE78}.Release|Any CPU.Build.0 = Release|Any CPU
		{D4A14E9A-E805-4220-9C05-50419E16B531}.Debug|Any CPU.ActiveCfg = Debug|Any CPU
		{D4A14E9A-E805-4220-9C05-50419E16B531}.Debug|Any CPU.Build.0 = Debug|Any CPU
		{D4A14E9A-E805-4220-9C05-50419E16B531}.Release|Any CPU.ActiveCfg = Release|Any CPU
		{D4A14E9A-E805-4220-9C05-50419E16B531}.Release|Any CPU.Build.0 = Release|Any CPU
		{1009885D-D9E5-4DAE-87EE-ED52D6E2C5C9}.Debug|Any CPU.ActiveCfg = Debug|Any CPU
		{1009885D-D9E5-4DAE-87EE-ED52D6E2C5C9}.Debug|Any CPU.Build.0 = Debug|Any CPU
		{1009885D-D9E5-4DAE-87EE-ED52D6E2C5C9}.Release|Any CPU.ActiveCfg = Release|Any CPU
		{1009885D-D9E5-4DAE-87EE-ED52D6E2C5C9}.Release|Any CPU.Build.0 = Release|Any CPU
		{55ADB32E-B94F-4FF2-8F42-153DD9B3EAD0}.Debug|Any CPU.ActiveCfg = Debug|Any CPU
		{55ADB32E-B94F-4FF2-8F42-153DD9B3EAD0}.Debug|Any CPU.Build.0 = Debug|Any CPU
		{55ADB32E-B94F-4FF2-8F42-153DD9B3EAD0}.Release|Any CPU.ActiveCfg = Release|Any CPU
		{55ADB32E-B94F-4FF2-8F42-153DD9B3EAD0}.Release|Any CPU.Build.0 = Release|Any CPU
		{2E759AB6-E00B-48F3-8A9D-75E497FEFD64}.Debug|Any CPU.ActiveCfg = Debug|Any CPU
		{2E759AB6-E00B-48F3-8A9D-75E497FEFD64}.Debug|Any CPU.Build.0 = Debug|Any CPU
		{2E759AB6-E00B-48F3-8A9D-75E497FEFD64}.Release|Any CPU.ActiveCfg = Release|Any CPU
		{2E759AB6-E00B-48F3-8A9D-75E497FEFD64}.Release|Any CPU.Build.0 = Release|Any CPU
		{FEA0EB3B-4313-41C2-955D-FCF7C00F4745}.Debug|Any CPU.ActiveCfg = Debug|Any CPU
		{FEA0EB3B-4313-41C2-955D-FCF7C00F4745}.Debug|Any CPU.Build.0 = Debug|Any CPU
		{FEA0EB3B-4313-41C2-955D-FCF7C00F4745}.Release|Any CPU.ActiveCfg = Release|Any CPU
		{FEA0EB3B-4313-41C2-955D-FCF7C00F4745}.Release|Any CPU.Build.0 = Release|Any CPU
		{0A8AA5C5-2C4A-4906-A217-1A2E3C467C31}.Debug|Any CPU.ActiveCfg = Debug|Any CPU
		{0A8AA5C5-2C4A-4906-A217-1A2E3C467C31}.Debug|Any CPU.Build.0 = Debug|Any CPU
		{0A8AA5C5-2C4A-4906-A217-1A2E3C467C31}.Release|Any CPU.ActiveCfg = Release|Any CPU
		{0A8AA5C5-2C4A-4906-A217-1A2E3C467C31}.Release|Any CPU.Build.0 = Release|Any CPU
		{6C984A28-BFEB-487A-AC24-21018105863C}.Debug|Any CPU.ActiveCfg = Debug|Any CPU
		{6C984A28-BFEB-487A-AC24-21018105863C}.Debug|Any CPU.Build.0 = Debug|Any CPU
		{6C984A28-BFEB-487A-AC24-21018105863C}.Release|Any CPU.ActiveCfg = Release|Any CPU
		{6C984A28-BFEB-487A-AC24-21018105863C}.Release|Any CPU.Build.0 = Release|Any CPU
		{02D6E7A0-1E49-4701-B3DD-94A530ED61EF}.Debug|Any CPU.ActiveCfg = Debug|Any CPU
		{02D6E7A0-1E49-4701-B3DD-94A530ED61EF}.Debug|Any CPU.Build.0 = Debug|Any CPU
		{02D6E7A0-1E49-4701-B3DD-94A530ED61EF}.Release|Any CPU.ActiveCfg = Release|Any CPU
		{02D6E7A0-1E49-4701-B3DD-94A530ED61EF}.Release|Any CPU.Build.0 = Release|Any CPU
		{03186EA7-EC6C-474C-AE79-B01E746D3426}.Debug|Any CPU.ActiveCfg = Debug|Any CPU
		{03186EA7-EC6C-474C-AE79-B01E746D3426}.Debug|Any CPU.Build.0 = Debug|Any CPU
		{03186EA7-EC6C-474C-AE79-B01E746D3426}.Release|Any CPU.ActiveCfg = Release|Any CPU
		{03186EA7-EC6C-474C-AE79-B01E746D3426}.Release|Any CPU.Build.0 = Release|Any CPU
		{B987D949-65EF-416D-8B5B-E2A25ACBA703}.Debug|Any CPU.ActiveCfg = Debug|Any CPU
		{B987D949-65EF-416D-8B5B-E2A25ACBA703}.Debug|Any CPU.Build.0 = Debug|Any CPU
		{B987D949-65EF-416D-8B5B-E2A25ACBA703}.Release|Any CPU.ActiveCfg = Release|Any CPU
		{B987D949-65EF-416D-8B5B-E2A25ACBA703}.Release|Any CPU.Build.0 = Release|Any CPU
		{6EDEC1E5-A607-4BDB-8A57-B4C9FDDC0A89}.Debug|Any CPU.ActiveCfg = Debug|Any CPU
		{6EDEC1E5-A607-4BDB-8A57-B4C9FDDC0A89}.Debug|Any CPU.Build.0 = Debug|Any CPU
		{6EDEC1E5-A607-4BDB-8A57-B4C9FDDC0A89}.Release|Any CPU.ActiveCfg = Release|Any CPU
		{6EDEC1E5-A607-4BDB-8A57-B4C9FDDC0A89}.Release|Any CPU.Build.0 = Release|Any CPU
		{DE361F87-EE9A-471D-8FE1-630BE461FF65}.Debug|Any CPU.ActiveCfg = Debug|Any CPU
		{DE361F87-EE9A-471D-8FE1-630BE461FF65}.Debug|Any CPU.Build.0 = Debug|Any CPU
		{DE361F87-EE9A-471D-8FE1-630BE461FF65}.Release|Any CPU.ActiveCfg = Release|Any CPU
		{DE361F87-EE9A-471D-8FE1-630BE461FF65}.Release|Any CPU.Build.0 = Release|Any CPU
		{EF965E14-C2B7-4C5B-A18E-447F37D1F6F6}.Debug|Any CPU.ActiveCfg = Debug|Any CPU
		{EF965E14-C2B7-4C5B-A18E-447F37D1F6F6}.Debug|Any CPU.Build.0 = Debug|Any CPU
		{EF965E14-C2B7-4C5B-A18E-447F37D1F6F6}.Release|Any CPU.ActiveCfg = Release|Any CPU
		{EF965E14-C2B7-4C5B-A18E-447F37D1F6F6}.Release|Any CPU.Build.0 = Release|Any CPU
		{94F6C711-3974-411B-8819-D2218A03F115}.Debug|Any CPU.ActiveCfg = Debug|Any CPU
		{94F6C711-3974-411B-8819-D2218A03F115}.Debug|Any CPU.Build.0 = Debug|Any CPU
		{94F6C711-3974-411B-8819-D2218A03F115}.Release|Any CPU.ActiveCfg = Release|Any CPU
		{94F6C711-3974-411B-8819-D2218A03F115}.Release|Any CPU.Build.0 = Release|Any CPU
	EndGlobalSection
	GlobalSection(SolutionProperties) = preSolution
		HideSolutionNode = FALSE
	EndGlobalSection
	GlobalSection(NestedProjects) = preSolution
		{9A8FC1C3-C34B-4302-9627-3F6C77809BF8} = {382A78EB-A6EF-4E69-B8C2-D142597DF474}
		{4DB9B19A-F12B-4932-9BF8-C61A26CFA20D} = {382A78EB-A6EF-4E69-B8C2-D142597DF474}
		{41E4622D-5B32-4EFD-AEB1-D132AE03E17E} = {382A78EB-A6EF-4E69-B8C2-D142597DF474}
		{BBF17FEF-7A20-441B-8FAA-0B1742148439} = {382A78EB-A6EF-4E69-B8C2-D142597DF474}
		{0502FB14-BF24-4CB0-8792-FC22D4EDFE78} = {382A78EB-A6EF-4E69-B8C2-D142597DF474}
		{D4A14E9A-E805-4220-9C05-50419E16B531} = {057B40ED-B08D-427D-AB09-1BC39A7CE8C0}
		{1009885D-D9E5-4DAE-87EE-ED52D6E2C5C9} = {057B40ED-B08D-427D-AB09-1BC39A7CE8C0}
		{55ADB32E-B94F-4FF2-8F42-153DD9B3EAD0} = {057B40ED-B08D-427D-AB09-1BC39A7CE8C0}
		{2E759AB6-E00B-48F3-8A9D-75E497FEFD64} = {057B40ED-B08D-427D-AB09-1BC39A7CE8C0}
		{FEA0EB3B-4313-41C2-955D-FCF7C00F4745} = {057B40ED-B08D-427D-AB09-1BC39A7CE8C0}
		{0A8AA5C5-2C4A-4906-A217-1A2E3C467C31} = {79DE9848-D645-490F-873B-54560BB09155}
		{6C984A28-BFEB-487A-AC24-21018105863C} = {79DE9848-D645-490F-873B-54560BB09155}
		{02D6E7A0-1E49-4701-B3DD-94A530ED61EF} = {79DE9848-D645-490F-873B-54560BB09155}
		{03186EA7-EC6C-474C-AE79-B01E746D3426} = {79DE9848-D645-490F-873B-54560BB09155}
		{B987D949-65EF-416D-8B5B-E2A25ACBA703} = {924D2679-41FB-4528-B2D2-D207A9C0290F}
		{6EDEC1E5-A607-4BDB-8A57-B4C9FDDC0A89} = {924D2679-41FB-4528-B2D2-D207A9C0290F}
		{DE361F87-EE9A-471D-8FE1-630BE461FF65} = {924D2679-41FB-4528-B2D2-D207A9C0290F}
		{EF965E14-C2B7-4C5B-A18E-447F37D1F6F6} = {924D2679-41FB-4528-B2D2-D207A9C0290F}
		{94F6C711-3974-411B-8819-D2218A03F115} = {E42173D9-B7FE-4696-85BC-58EF63FB7B35}
	EndGlobalSection
	GlobalSection(ExtensibilityGlobals) = postSolution
		SolutionGuid = {D39BD007-A0F5-4DD3-AACB-7B5C20FE9C1D}
	EndGlobalSection
EndGlobal
